
Microsoft Visual Studio Solution File, Format Version 12.00
# Visual Studio Version 17
VisualStudioVersion = 17.8.34316.72
MinimumVisualStudioVersion = 10.0.40219.1
Project("{888888A0-9F3D-457C-B088-3A5042F75D52}") = "MecControlBLU", "MecControlBLU\MecControlBLU.pyproj", "{05EEA182-5175-42B9-B9C4-9180A6C5E370}"
EndProject
Global
	GlobalSection(SolutionConfigurationPlatforms) = preSolution
		Debug|Any CPU = Debug|Any CPU
		Release|Any CPU = Release|Any CPU
	EndGlobalSection
	GlobalSection(ProjectConfigurationPlatforms) = postSolution
		{05EEA182-5175-42B9-B9C4-9180A6C5E370}.Debug|Any CPU.ActiveCfg = Debug|Any CPU
		{05EEA182-5175-42B9-B9C4-9180A6C5E370}.Release|Any CPU.ActiveCfg = Release|Any CPU
	EndGlobalSection
	GlobalSection(SolutionProperties) = preSolution
		HideSolutionNode = FALSE
	EndGlobalSection
	GlobalSection(ExtensibilityGlobals) = postSolution
		SolutionGuid = {097C1CD9-BBE7-42EA-BF20-D230EE16EE6D}
	EndGlobalSection
EndGlobal
